
Microsoft Visual Studio Solution File, Format Version 12.00
# Visual Studio Version 16
VisualStudioVersion = 16.0.30204.135
MinimumVisualStudioVersion = 10.0.40219.1
Project("{FAE04EC0-301F-11D3-BF4B-00C04F79EFBC}") = "TestContext-Samples", "TestContext-Samples\TestContext-Samples.csproj", "{8910BFFA-7E4F-44C9-94A6-D2336E53C621}"
EndProject
Global
	GlobalSection(SolutionConfigurationPlatforms) = preSolution
		Debug|Any CPU = Debug|Any CPU
		Release|Any CPU = Release|Any CPU
	EndGlobalSection
	GlobalSection(ProjectConfigurationPlatforms) = postSolution
		{8910BFFA-7E4F-44C9-94A6-D2336E53C621}.Debug|Any CPU.ActiveCfg = Debug|Any CPU
		{8910BFFA-7E4F-44C9-94A6-D2336E53C621}.Debug|Any CPU.Build.0 = Debug|Any CPU
		{8910BFFA-7E4F-44C9-94A6-D2336E53C621}.Release|Any CPU.ActiveCfg = Release|Any CPU
		{8910BFFA-7E4F-44C9-94A6-D2336E53C621}.Release|Any CPU.Build.0 = Release|Any CPU
	EndGlobalSection
	GlobalSection(SolutionProperties) = preSolution
		HideSolutionNode = FALSE
	EndGlobalSection
	GlobalSection(ExtensibilityGlobals) = postSolution
		SolutionGuid = {EFD4B792-521B-420A-BA4A-72353220DFDC}
	EndGlobalSection
EndGlobal
